
Microsoft Visual Studio Solution File, Format Version 12.00
# Visual Studio 15
VisualStudioVersion = 15.0.27703.2018
MinimumVisualStudioVersion = 10.0.40219.1
Project("{FAE04EC0-301F-11D3-BF4B-00C04F79EFBC}") = "ExaFinal.Android", "ExaFinal\ExaFinal.Android\ExaFinal.Android.csproj", "{7CAFDF04-B61D-4FB0-A952-60CD6D2031AC}"
EndProject
Project("{FAE04EC0-301F-11D3-BF4B-00C04F79EFBC}") = "ExaFinal", "ExaFinal\ExaFinal\ExaFinal.csproj", "{3F58DDA4-4EA3-4230-A7C1-25769D85E2D6}"
EndProject
Global
	GlobalSection(SolutionConfigurationPlatforms) = preSolution
		Debug|Any CPU = Debug|Any CPU
		Release|Any CPU = Release|Any CPU
	EndGlobalSection
	GlobalSection(ProjectConfigurationPlatforms) = postSolution
		{7CAFDF04-B61D-4FB0-A952-60CD6D2031AC}.Debug|Any CPU.ActiveCfg = Debug|Any CPU
		{7CAFDF04-B61D-4FB0-A952-60CD6D2031AC}.Debug|Any CPU.Build.0 = Debug|Any CPU
		{7CAFDF04-B61D-4FB0-A952-60CD6D2031AC}.Debug|Any CPU.Deploy.0 = Debug|Any CPU
		{7CAFDF04-B61D-4FB0-A952-60CD6D2031AC}.Release|Any CPU.ActiveCfg = Release|Any CPU
		{7CAFDF04-B61D-4FB0-A952-60CD6D2031AC}.Release|Any CPU.Build.0 = Release|Any CPU
		{7CAFDF04-B61D-4FB0-A952-60CD6D2031AC}.Release|Any CPU.Deploy.0 = Release|Any CPU
		{3F58DDA4-4EA3-4230-A7C1-25769D85E2D6}.Debug|Any CPU.ActiveCfg = Debug|Any CPU
		{3F58DDA4-4EA3-4230-A7C1-25769D85E2D6}.Debug|Any CPU.Build.0 = Debug|Any CPU
		{3F58DDA4-4EA3-4230-A7C1-25769D85E2D6}.Debug|Any CPU.Deploy.0 = Debug|Any CPU
		{3F58DDA4-4EA3-4230-A7C1-25769D85E2D6}.Release|Any CPU.ActiveCfg = Release|Any CPU
		{3F58DDA4-4EA3-4230-A7C1-25769D85E2D6}.Release|Any CPU.Build.0 = Release|Any CPU
		{3F58DDA4-4EA3-4230-A7C1-25769D85E2D6}.Release|Any CPU.Deploy.0 = Release|Any CPU
	EndGlobalSection
	GlobalSection(SolutionProperties) = preSolution
		HideSolutionNode = FALSE
	EndGlobalSection
	GlobalSection(ExtensibilityGlobals) = postSolution
		SolutionGuid = {3A5B006D-CA43-4683-86FA-B9B760FE1D3C}
	EndGlobalSection
EndGlobal
